
Microsoft Visual Studio Solution File, Format Version 12.00
# Visual Studio Version 16
VisualStudioVersion = 16.0.30611.23
MinimumVisualStudioVersion = 10.0.40219.1
Project("{FAE04EC0-301F-11D3-BF4B-00C04F79EFBC}") = "Push and pop", "Push and pop.csproj", "{32DF0943-B7EE-4D6A-9532-72BDE12BE7EE}"
EndProject
Global
	GlobalSection(SolutionConfigurationPlatforms) = preSolution
		Debug|Any CPU = Debug|Any CPU
		Release|Any CPU = Release|Any CPU
	EndGlobalSection
	GlobalSection(ProjectConfigurationPlatforms) = postSolution
		{32DF0943-B7EE-4D6A-9532-72BDE12BE7EE}.Debug|Any CPU.ActiveCfg = Debug|Any CPU
		{32DF0943-B7EE-4D6A-9532-72BDE12BE7EE}.Debug|Any CPU.Build.0 = Debug|Any CPU
		{32DF0943-B7EE-4D6A-9532-72BDE12BE7EE}.Release|Any CPU.ActiveCfg = Release|Any CPU
		{32DF0943-B7EE-4D6A-9532-72BDE12BE7EE}.Release|Any CPU.Build.0 = Release|Any CPU
	EndGlobalSection
	GlobalSection(SolutionProperties) = preSolution
		HideSolutionNode = FALSE
	EndGlobalSection
	GlobalSection(ExtensibilityGlobals) = postSolution
		SolutionGuid = {AD9621F5-4A3B-46C3-8B2E-5187D920EA60}
	EndGlobalSection
EndGlobal
